
Microsoft Visual Studio Solution File, Format Version 12.00
# Visual Studio Version 17
VisualStudioVersion = 17.14.36401.2 d17.14
MinimumVisualStudioVersion = 10.0.40219.1
Project("{FAE04EC0-301F-11D3-BF4B-00C04F79EFBC}") = "RevitAddin", "RevitAddin\RevitAddin.csproj", "{5EBD8259-2436-419A-9CE0-EF13EF8CA1BE}"
EndProject
Global
	GlobalSection(SolutionConfigurationPlatforms) = preSolution
		Debug|Any CPU = Debug|Any CPU
		Release|Any CPU = Release|Any CPU
	EndGlobalSection
	GlobalSection(ProjectConfigurationPlatforms) = postSolution
		{5EBD8259-2436-419A-9CE0-EF13EF8CA1BE}.Debug|Any CPU.ActiveCfg = Debug|Any CPU
		{5EBD8259-2436-419A-9CE0-EF13EF8CA1BE}.Debug|Any CPU.Build.0 = Debug|Any CPU
		{5EBD8259-2436-419A-9CE0-EF13EF8CA1BE}.Release|Any CPU.ActiveCfg = Release|Any CPU
		{5EBD8259-2436-419A-9CE0-EF13EF8CA1BE}.Release|Any CPU.Build.0 = Release|Any CPU
	EndGlobalSection
	GlobalSection(SolutionProperties) = preSolution
		HideSolutionNode = FALSE
	EndGlobalSection
	GlobalSection(ExtensibilityGlobals) = postSolution
		SolutionGuid = {B9A7DFA6-5C36-4D50-AFF5-CE3D33E288D5}
	EndGlobalSection
EndGlobal
